
Microsoft Visual Studio Solution File, Format Version 12.00
# Visual Studio Version 17
VisualStudioVersion = 17.7.34024.191
MinimumVisualStudioVersion = 10.0.40219.1
Project("{9A19103F-16F7-4668-BE54-9A1E7A4F7556}") = "BulkyBookWeb", "BulkyWeb\BulkyBookWeb.csproj", "{1658C402-B586-4209-9825-A52AD2D1A577}"
EndProject
Project("{9A19103F-16F7-4668-BE54-9A1E7A4F7556}") = "BulKyBook.DataAccess", "BulKy.DataAccess\BulKyBook.DataAccess.csproj", "{7BD5B9FB-92E6-424B-8176-9CAC9384B944}"
EndProject
Project("{9A19103F-16F7-4668-BE54-9A1E7A4F7556}") = "BulkyBook.Models", "Bulky.Models\BulkyBook.Models.csproj", "{027E295E-245F-4DE6-9E4E-778043CE36BC}"
EndProject
Project("{9A19103F-16F7-4668-BE54-9A1E7A4F7556}") = "BulkyBook.Utility", "Bulky.Utility\BulkyBook.Utility.csproj", "{4DEAEAFF-1B83-4811-B944-1D1226DAA10B}"
EndProject
Global
	GlobalSection(SolutionConfigurationPlatforms) = preSolution
		Debug|Any CPU = Debug|Any CPU
		Release|Any CPU = Release|Any CPU
	EndGlobalSection
	GlobalSection(ProjectConfigurationPlatforms) = postSolution
		{1658C402-B586-4209-9825-A52AD2D1A577}.Debug|Any CPU.ActiveCfg = Debug|Any CPU
		{1658C402-B586-4209-9825-A52AD2D1A577}.Debug|Any CPU.Build.0 = Debug|Any CPU
		{1658C402-B586-4209-9825-A52AD2D1A577}.Release|Any CPU.ActiveCfg = Release|Any CPU
		{1658C402-B586-4209-9825-A52AD2D1A577}.Release|Any CPU.Build.0 = Release|Any CPU
		{7BD5B9FB-92E6-424B-8176-9CAC9384B944}.Debug|Any CPU.ActiveCfg = Debug|Any CPU
		{7BD5B9FB-92E6-424B-8176-9CAC9384B944}.Debug|Any CPU.Build.0 = Debug|Any CPU
		{7BD5B9FB-92E6-424B-8176-9CAC9384B944}.Release|Any CPU.ActiveCfg = Release|Any CPU
		{7BD5B9FB-92E6-424B-8176-9CAC9384B944}.Release|Any CPU.Build.0 = Release|Any CPU
		{027E295E-245F-4DE6-9E4E-778043CE36BC}.Debug|Any CPU.ActiveCfg = Debug|Any CPU
		{027E295E-245F-4DE6-9E4E-778043CE36BC}.Debug|Any CPU.Build.0 = Debug|Any CPU
		{027E295E-245F-4DE6-9E4E-778043CE36BC}.Release|Any CPU.ActiveCfg = Release|Any CPU
		{027E295E-245F-4DE6-9E4E-778043CE36BC}.Release|Any CPU.Build.0 = Release|Any CPU
		{4DEAEAFF-1B83-4811-B944-1D1226DAA10B}.Debug|Any CPU.ActiveCfg = Debug|Any CPU
		{4DEAEAFF-1B83-4811-B944-1D1226DAA10B}.Debug|Any CPU.Build.0 = Debug|Any CPU
		{4DEAEAFF-1B83-4811-B944-1D1226DAA10B}.Release|Any CPU.ActiveCfg = Release|Any CPU
		{4DEAEAFF-1B83-4811-B944-1D1226DAA10B}.Release|Any CPU.Build.0 = Release|Any CPU
	EndGlobalSection
	GlobalSection(SolutionProperties) = preSolution
		HideSolutionNode = FALSE
	EndGlobalSection
	GlobalSection(ExtensibilityGlobals) = postSolution
		SolutionGuid = {8EE29768-0EFC-4FB6-9605-388FDEA4BAF9}
	EndGlobalSection
EndGlobal
